
Microsoft Visual Studio Solution File, Format Version 12.00
# Visual Studio Version 17
VisualStudioVersion = 17.3.32929.385
MinimumVisualStudioVersion = 10.0.40219.1
Project("{8BC9CEB8-8B4A-11D0-8D11-00A0C91BC942}") = "IncDec", "IncDec.vcxproj", "{0E4952AA-A3DB-42AB-9DAD-E4C9077CB056}"
EndProject
Global
	GlobalSection(SolutionConfigurationPlatforms) = preSolution
		Debug|x64 = Debug|x64
		Debug|x86 = Debug|x86
		Release|x64 = Release|x64
		Release|x86 = Release|x86
	EndGlobalSection
	GlobalSection(ProjectConfigurationPlatforms) = postSolution
		{0E4952AA-A3DB-42AB-9DAD-E4C9077CB056}.Debug|x64.ActiveCfg = Debug|x64
		{0E4952AA-A3DB-42AB-9DAD-E4C9077CB056}.Debug|x64.Build.0 = Debug|x64
		{0E4952AA-A3DB-42AB-9DAD-E4C9077CB056}.Debug|x86.ActiveCfg = Debug|Win32
		{0E4952AA-A3DB-42AB-9DAD-E4C9077CB056}.Debug|x86.Build.0 = Debug|Win32
		{0E4952AA-A3DB-42AB-9DAD-E4C9077CB056}.Release|x64.ActiveCfg = Release|x64
		{0E4952AA-A3DB-42AB-9DAD-E4C9077CB056}.Release|x64.Build.0 = Release|x64
		{0E4952AA-A3DB-42AB-9DAD-E4C9077CB056}.Release|x86.ActiveCfg = Release|Win32
		{0E4952AA-A3DB-42AB-9DAD-E4C9077CB056}.Release|x86.Build.0 = Release|Win32
	EndGlobalSection
	GlobalSection(SolutionProperties) = preSolution
		HideSolutionNode = FALSE
	EndGlobalSection
	GlobalSection(ExtensibilityGlobals) = postSolution
		SolutionGuid = {AA7E5B31-14DC-4720-951F-89CCA4B36B19}
	EndGlobalSection
EndGlobal
